
Microsoft Visual Studio Solution File, Format Version 12.00
# Visual Studio Version 16
VisualStudioVersion = 16.0.31410.357
MinimumVisualStudioVersion = 10.0.40219.1
Project("{FAE04EC0-301F-11D3-BF4B-00C04F79EFBC}") = "UnderFoot", "UnderFoot\UnderFoot.csproj", "{30DCD2E0-5B0A-4F57-A222-B93DCB6D01AB}"
EndProject
Global
	GlobalSection(SolutionConfigurationPlatforms) = preSolution
		Debug|Any CPU = Debug|Any CPU
		Release|Any CPU = Release|Any CPU
	EndGlobalSection
	GlobalSection(ProjectConfigurationPlatforms) = postSolution
		{30DCD2E0-5B0A-4F57-A222-B93DCB6D01AB}.Debug|Any CPU.ActiveCfg = Debug|Any CPU
		{30DCD2E0-5B0A-4F57-A222-B93DCB6D01AB}.Debug|Any CPU.Build.0 = Debug|Any CPU
		{30DCD2E0-5B0A-4F57-A222-B93DCB6D01AB}.Release|Any CPU.ActiveCfg = Release|Any CPU
		{30DCD2E0-5B0A-4F57-A222-B93DCB6D01AB}.Release|Any CPU.Build.0 = Release|Any CPU
	EndGlobalSection
	GlobalSection(SolutionProperties) = preSolution
		HideSolutionNode = FALSE
	EndGlobalSection
	GlobalSection(ExtensibilityGlobals) = postSolution
		SolutionGuid = {D7B72496-CCAD-4434-8D21-2201FF1997EC}
	EndGlobalSection
EndGlobal
